// !$*UTF8*$!
{
	archiveVersion = 1;
	classes = {
	};
	objectVersion = 55;
	objects = {

/* Begin PBXBuildFile section */
		691139A127C8EE7B00B41FC9 /* MoviesListItemViewModel.swift in Sources */ = {isa = PBXBuildFile; fileRef = 691139A027C8EE7B00B41FC9 /* MoviesListItemViewModel.swift */; };
		691139A527C8F32600B41FC9 /* MoviesListItemCell.swift in Sources */ = {isa = PBXBuildFile; fileRef = 691139A427C8F32600B41FC9 /* MoviesListItemCell.swift */; };
		691139A927C8F4C200B41FC9 /* MoviesListItemCell.xib in Resources */ = {isa = PBXBuildFile; fileRef = 691139A827C8F4C200B41FC9 /* MoviesListItemCell.xib */; };
		691139B027CCCF4F00B41FC9 /* MoviesHomepageViewControllerTests.swift in Sources */ = {isa = PBXBuildFile; fileRef = 691139AF27CCCF4F00B41FC9 /* MoviesHomepageViewControllerTests.swift */; };
		691139B327CCD07600B41FC9 /* MoviesHomepageViewModelTests.swift in Sources */ = {isa = PBXBuildFile; fileRef = 691139B227CCD07600B41FC9 /* MoviesHomepageViewModelTests.swift */; };
		691139B527CCD08100B41FC9 /* MoviesListItemViewModelTests.swift in Sources */ = {isa = PBXBuildFile; fileRef = 691139B427CCD08100B41FC9 /* MoviesListItemViewModelTests.swift */; };
		691139BA27CCD69200B41FC9 /* MoviesRepositoryTests.swift in Sources */ = {isa = PBXBuildFile; fileRef = 691139B927CCD69200B41FC9 /* MoviesRepositoryTests.swift */; };
		691139BD27CCD6DF00B41FC9 /* MoviesResponseDTO+MappingTests.swift in Sources */ = {isa = PBXBuildFile; fileRef = 691139BC27CCD6DF00B41FC9 /* MoviesResponseDTO+MappingTests.swift */; };
		691139C227CF716900B41FC9 /* MockMoviesService.swift in Sources */ = {isa = PBXBuildFile; fileRef = 691139C127CF716900B41FC9 /* MockMoviesService.swift */; };
		6941F3642812AD4400D758E8 /* Service.swift in Sources */ = {isa = PBXBuildFile; fileRef = 6941F3632812AD4400D758E8 /* Service.swift */; };
		6941F3662812DAF800D758E8 /* PosterImageRepository.swift in Sources */ = {isa = PBXBuildFile; fileRef = 6941F3652812DAF800D758E8 /* PosterImageRepository.swift */; };
		6941F3682812EE1D00D758E8 /* FetchPosterImageUseCase.swift in Sources */ = {isa = PBXBuildFile; fileRef = 6941F3672812EE1D00D758E8 /* FetchPosterImageUseCase.swift */; };
		6941F36A281307A400D758E8 /* PosterImageNetworkService.swift in Sources */ = {isa = PBXBuildFile; fileRef = 6941F369281307A400D758E8 /* PosterImageNetworkService.swift */; };
		6941F36C281308E100D758E8 /* PosterImageService.swift in Sources */ = {isa = PBXBuildFile; fileRef = 6941F36B281308E100D758E8 /* PosterImageService.swift */; };
		6941F36E28130B5700D758E8 /* PosterImageRequest.swift in Sources */ = {isa = PBXBuildFile; fileRef = 6941F36D28130B5700D758E8 /* PosterImageRequest.swift */; };
		6941F3702813352C00D758E8 /* AppConfiguration.swift in Sources */ = {isa = PBXBuildFile; fileRef = 6941F36F2813352C00D758E8 /* AppConfiguration.swift */; };
		6941F3722813442B00D758E8 /* NetworkService.swift in Sources */ = {isa = PBXBuildFile; fileRef = 6941F3712813442B00D758E8 /* NetworkService.swift */; };
		6941F37A28147DA600D758E8 /* ResponseDecoder.swift in Sources */ = {isa = PBXBuildFile; fileRef = 6941F37928147DA600D758E8 /* ResponseDecoder.swift */; };
		6941F37C28147DBC00D758E8 /* NetworkSessionManager.swift in Sources */ = {isa = PBXBuildFile; fileRef = 6941F37B28147DBC00D758E8 /* NetworkSessionManager.swift */; };
		6941F37F28147E1100D758E8 /* NetworkConfig.swift in Sources */ = {isa = PBXBuildFile; fileRef = 6941F37E28147E1100D758E8 /* NetworkConfig.swift */; };
		6941F38128147E4500D758E8 /* Endpoint.swift in Sources */ = {isa = PBXBuildFile; fileRef = 6941F38028147E4500D758E8 /* Endpoint.swift */; };
		6941F383281480A500D758E8 /* APIEndpoints.swift in Sources */ = {isa = PBXBuildFile; fileRef = 6941F382281480A500D758E8 /* APIEndpoints.swift */; };
		6941F385281481CE00D758E8 /* MoviesRequestDTO.swift in Sources */ = {isa = PBXBuildFile; fileRef = 6941F384281481CE00D758E8 /* MoviesRequestDTO.swift */; };
		6941F3872816015A00D758E8 /* DataTransferService.swift in Sources */ = {isa = PBXBuildFile; fileRef = 6941F3862816015A00D758E8 /* DataTransferService.swift */; };
		6955412E27C63144003F9631 /* FetchMoviesUseCase.swift in Sources */ = {isa = PBXBuildFile; fileRef = 6955412D27C63144003F9631 /* FetchMoviesUseCase.swift */; };
		6955413027C63170003F9631 /* FetchPopularMoviesUseCase.swift in Sources */ = {isa = PBXBuildFile; fileRef = 6955412F27C63170003F9631 /* FetchPopularMoviesUseCase.swift */; };
		6955413227C63189003F9631 /* FetchTopRatedMoviesUseCase.swift in Sources */ = {isa = PBXBuildFile; fileRef = 6955413127C63189003F9631 /* FetchTopRatedMoviesUseCase.swift */; };
		6955413427C6323C003F9631 /* UseCase.swift in Sources */ = {isa = PBXBuildFile; fileRef = 6955413327C6323C003F9631 /* UseCase.swift */; };
		6955413727C68B99003F9631 /* MoviesNetworkService.swift in Sources */ = {isa = PBXBuildFile; fileRef = 6955413627C68B99003F9631 /* MoviesNetworkService.swift */; };
		6955413927C69819003F9631 /* NetworkRequestProtocol.swift in Sources */ = {isa = PBXBuildFile; fileRef = 6955413827C69819003F9631 /* NetworkRequestProtocol.swift */; };
		6955413D27C69A8D003F9631 /* PopularMoviesRequest.swift in Sources */ = {isa = PBXBuildFile; fileRef = 6955413C27C69A8D003F9631 /* PopularMoviesRequest.swift */; };
		6955414227C6A132003F9631 /* MoviesResponseDTO+Mapping.swift in Sources */ = {isa = PBXBuildFile; fileRef = 6955414127C6A132003F9631 /* MoviesResponseDTO+Mapping.swift */; };
		6955414627C79948003F9631 /* NetworkServiceTests.swift in Sources */ = {isa = PBXBuildFile; fileRef = 6955414527C79948003F9631 /* NetworkServiceTests.swift */; };
		6955414D27C79FF2003F9631 /* MoviesHomepageViewModel.swift in Sources */ = {isa = PBXBuildFile; fileRef = 6955414C27C79FF2003F9631 /* MoviesHomepageViewModel.swift */; };
		6955414F27C7D6A3003F9631 /* MoviesRepository.swift in Sources */ = {isa = PBXBuildFile; fileRef = 6955414E27C7D6A3003F9631 /* MoviesRepository.swift */; };
		6955415127C7D843003F9631 /* MoviesService.swift in Sources */ = {isa = PBXBuildFile; fileRef = 6955415027C7D843003F9631 /* MoviesService.swift */; };
		6955415527C7DA9F003F9631 /* Movie.swift in Sources */ = {isa = PBXBuildFile; fileRef = 6955415427C7DA9F003F9631 /* Movie.swift */; };
		6955415A27C7FC77003F9631 /* TopRatedMoviesRequest.swift in Sources */ = {isa = PBXBuildFile; fileRef = 6955415927C7FC77003F9631 /* TopRatedMoviesRequest.swift */; };
		69D27D5727BAA4E8000D8ACA /* AppDelegate.swift in Sources */ = {isa = PBXBuildFile; fileRef = 69D27D5627BAA4E8000D8ACA /* AppDelegate.swift */; };
		69D27D5927BAA4E8000D8ACA /* SceneDelegate.swift in Sources */ = {isa = PBXBuildFile; fileRef = 69D27D5827BAA4E8000D8ACA /* SceneDelegate.swift */; };
		69D27D5B27BAA4E8000D8ACA /* MoviesHomepageViewController.swift in Sources */ = {isa = PBXBuildFile; fileRef = 69D27D5A27BAA4E8000D8ACA /* MoviesHomepageViewController.swift */; };
		69D27D5E27BAA4E8000D8ACA /* MoviesHomepage.storyboard in Resources */ = {isa = PBXBuildFile; fileRef = 69D27D5C27BAA4E8000D8ACA /* MoviesHomepage.storyboard */; };
		69D27D6027BAA4E9000D8ACA /* Assets.xcassets in Resources */ = {isa = PBXBuildFile; fileRef = 69D27D5F27BAA4E9000D8ACA /* Assets.xcassets */; };
		69D27D6327BAA4E9000D8ACA /* LaunchScreen.storyboard in Resources */ = {isa = PBXBuildFile; fileRef = 69D27D6127BAA4E9000D8ACA /* LaunchScreen.storyboard */; };
		69D27D6E27BAA4E9000D8ACA /* MovieAppUIKitTests.swift in Sources */ = {isa = PBXBuildFile; fileRef = 69D27D6D27BAA4E9000D8ACA /* MovieAppUIKitTests.swift */; };
		69D27D7827BAA4E9000D8ACA /* MovieAppUIKitUITests.swift in Sources */ = {isa = PBXBuildFile; fileRef = 69D27D7727BAA4E9000D8ACA /* MovieAppUIKitUITests.swift */; };
		69D27D7A27BAA4E9000D8ACA /* MovieAppUIKitUITestsLaunchTests.swift in Sources */ = {isa = PBXBuildFile; fileRef = 69D27D7927BAA4E9000D8ACA /* MovieAppUIKitUITestsLaunchTests.swift */; };
/* End PBXBuildFile section */

/* Begin PBXContainerItemProxy section */
		69D27D6A27BAA4E9000D8ACA /* PBXContainerItemProxy */ = {
			isa = PBXContainerItemProxy;
			containerPortal = 69D27D4B27BAA4E8000D8ACA /* Project object */;
			proxyType = 1;
			remoteGlobalIDString = 69D27D5227BAA4E8000D8ACA;
			remoteInfo = MovieAppUIKit;
		};
		69D27D7427BAA4E9000D8ACA /* PBXContainerItemProxy */ = {
			isa = PBXContainerItemProxy;
			containerPortal = 69D27D4B27BAA4E8000D8ACA /* Project object */;
			proxyType = 1;
			remoteGlobalIDString = 69D27D5227BAA4E8000D8ACA;
			remoteInfo = MovieAppUIKit;
		};
/* End PBXContainerItemProxy section */

/* Begin PBXFileReference section */
		691139A027C8EE7B00B41FC9 /* MoviesListItemViewModel.swift */ = {isa = PBXFileReference; lastKnownFileType = sourcecode.swift; path = MoviesListItemViewModel.swift; sourceTree = "<group>"; };
		691139A427C8F32600B41FC9 /* MoviesListItemCell.swift */ = {isa = PBXFileReference; lastKnownFileType = sourcecode.swift; path = MoviesListItemCell.swift; sourceTree = "<group>"; };
		691139A827C8F4C200B41FC9 /* MoviesListItemCell.xib */ = {isa = PBXFileReference; lastKnownFileType = file.xib; path = MoviesListItemCell.xib; sourceTree = "<group>"; };
		691139AF27CCCF4F00B41FC9 /* MoviesHomepageViewControllerTests.swift */ = {isa = PBXFileReference; lastKnownFileType = sourcecode.swift; path = MoviesHomepageViewControllerTests.swift; sourceTree = "<group>"; };
		691139B227CCD07600B41FC9 /* MoviesHomepageViewModelTests.swift */ = {isa = PBXFileReference; lastKnownFileType = sourcecode.swift; path = MoviesHomepageViewModelTests.swift; sourceTree = "<group>"; };
		691139B427CCD08100B41FC9 /* MoviesListItemViewModelTests.swift */ = {isa = PBXFileReference; lastKnownFileType = sourcecode.swift; path = MoviesListItemViewModelTests.swift; sourceTree = "<group>"; };
		691139B927CCD69200B41FC9 /* MoviesRepositoryTests.swift */ = {isa = PBXFileReference; lastKnownFileType = sourcecode.swift; path = MoviesRepositoryTests.swift; sourceTree = "<group>"; };
		691139BC27CCD6DF00B41FC9 /* MoviesResponseDTO+MappingTests.swift */ = {isa = PBXFileReference; lastKnownFileType = sourcecode.swift; path = "MoviesResponseDTO+MappingTests.swift"; sourceTree = "<group>"; };
		691139C127CF716900B41FC9 /* MockMoviesService.swift */ = {isa = PBXFileReference; lastKnownFileType = sourcecode.swift; path = MockMoviesService.swift; sourceTree = "<group>"; };
		6941F3632812AD4400D758E8 /* Service.swift */ = {isa = PBXFileReference; lastKnownFileType = sourcecode.swift; path = Service.swift; sourceTree = "<group>"; };
		6941F3652812DAF800D758E8 /* PosterImageRepository.swift */ = {isa = PBXFileReference; lastKnownFileType = sourcecode.swift; path = PosterImageRepository.swift; sourceTree = "<group>"; };
		6941F3672812EE1D00D758E8 /* FetchPosterImageUseCase.swift */ = {isa = PBXFileReference; lastKnownFileType = sourcecode.swift; path = FetchPosterImageUseCase.swift; sourceTree = "<group>"; };
		6941F369281307A400D758E8 /* PosterImageNetworkService.swift */ = {isa = PBXFileReference; lastKnownFileType = sourcecode.swift; path = PosterImageNetworkService.swift; sourceTree = "<group>"; };
		6941F36B281308E100D758E8 /* PosterImageService.swift */ = {isa = PBXFileReference; lastKnownFileType = sourcecode.swift; path = PosterImageService.swift; sourceTree = "<group>"; };
		6941F36D28130B5700D758E8 /* PosterImageRequest.swift */ = {isa = PBXFileReference; lastKnownFileType = sourcecode.swift; path = PosterImageRequest.swift; sourceTree = "<group>"; };
		6941F36F2813352C00D758E8 /* AppConfiguration.swift */ = {isa = PBXFileReference; lastKnownFileType = sourcecode.swift; path = AppConfiguration.swift; sourceTree = "<group>"; };
		6941F3712813442B00D758E8 /* NetworkService.swift */ = {isa = PBXFileReference; lastKnownFileType = sourcecode.swift; path = NetworkService.swift; sourceTree = "<group>"; };
		6941F37928147DA600D758E8 /* ResponseDecoder.swift */ = {isa = PBXFileReference; lastKnownFileType = sourcecode.swift; path = ResponseDecoder.swift; sourceTree = "<group>"; };
		6941F37B28147DBC00D758E8 /* NetworkSessionManager.swift */ = {isa = PBXFileReference; lastKnownFileType = sourcecode.swift; path = NetworkSessionManager.swift; sourceTree = "<group>"; };
		6941F37E28147E1100D758E8 /* NetworkConfig.swift */ = {isa = PBXFileReference; lastKnownFileType = sourcecode.swift; path = NetworkConfig.swift; sourceTree = "<group>"; };
		6941F38028147E4500D758E8 /* Endpoint.swift */ = {isa = PBXFileReference; lastKnownFileType = sourcecode.swift; path = Endpoint.swift; sourceTree = "<group>"; };
		6941F382281480A500D758E8 /* APIEndpoints.swift */ = {isa = PBXFileReference; lastKnownFileType = sourcecode.swift; path = APIEndpoints.swift; sourceTree = "<group>"; };
		6941F384281481CE00D758E8 /* MoviesRequestDTO.swift */ = {isa = PBXFileReference; lastKnownFileType = sourcecode.swift; path = MoviesRequestDTO.swift; sourceTree = "<group>"; };
		6941F3862816015A00D758E8 /* DataTransferService.swift */ = {isa = PBXFileReference; lastKnownFileType = sourcecode.swift; path = DataTransferService.swift; sourceTree = "<group>"; };
		6955412D27C63144003F9631 /* FetchMoviesUseCase.swift */ = {isa = PBXFileReference; lastKnownFileType = sourcecode.swift; path = FetchMoviesUseCase.swift; sourceTree = "<group>"; };
		6955412F27C63170003F9631 /* FetchPopularMoviesUseCase.swift */ = {isa = PBXFileReference; lastKnownFileType = sourcecode.swift; path = FetchPopularMoviesUseCase.swift; sourceTree = "<group>"; };
		6955413127C63189003F9631 /* FetchTopRatedMoviesUseCase.swift */ = {isa = PBXFileReference; lastKnownFileType = sourcecode.swift; path = FetchTopRatedMoviesUseCase.swift; sourceTree = "<group>"; };
		6955413327C6323C003F9631 /* UseCase.swift */ = {isa = PBXFileReference; lastKnownFileType = sourcecode.swift; path = UseCase.swift; sourceTree = "<group>"; };
		6955413627C68B99003F9631 /* MoviesNetworkService.swift */ = {isa = PBXFileReference; lastKnownFileType = sourcecode.swift; path = MoviesNetworkService.swift; sourceTree = "<group>"; };
		6955413827C69819003F9631 /* NetworkRequestProtocol.swift */ = {isa = PBXFileReference; lastKnownFileType = sourcecode.swift; path = NetworkRequestProtocol.swift; sourceTree = "<group>"; };
		6955413C27C69A8D003F9631 /* PopularMoviesRequest.swift */ = {isa = PBXFileReference; lastKnownFileType = sourcecode.swift; path = PopularMoviesRequest.swift; sourceTree = "<group>"; };
		6955414127C6A132003F9631 /* MoviesResponseDTO+Mapping.swift */ = {isa = PBXFileReference; lastKnownFileType = sourcecode.swift; path = "MoviesResponseDTO+Mapping.swift"; sourceTree = "<group>"; };
		6955414527C79948003F9631 /* NetworkServiceTests.swift */ = {isa = PBXFileReference; lastKnownFileType = sourcecode.swift; path = NetworkServiceTests.swift; sourceTree = "<group>"; };
		6955414C27C79FF2003F9631 /* MoviesHomepageViewModel.swift */ = {isa = PBXFileReference; lastKnownFileType = sourcecode.swift; path = MoviesHomepageViewModel.swift; sourceTree = "<group>"; };
		6955414E27C7D6A3003F9631 /* MoviesRepository.swift */ = {isa = PBXFileReference; lastKnownFileType = sourcecode.swift; path = MoviesRepository.swift; sourceTree = "<group>"; };
		6955415027C7D843003F9631 /* MoviesService.swift */ = {isa = PBXFileReference; lastKnownFileType = sourcecode.swift; path = MoviesService.swift; sourceTree = "<group>"; };
		6955415427C7DA9F003F9631 /* Movie.swift */ = {isa = PBXFileReference; lastKnownFileType = sourcecode.swift; path = Movie.swift; sourceTree = "<group>"; };
		6955415927C7FC77003F9631 /* TopRatedMoviesRequest.swift */ = {isa = PBXFileReference; lastKnownFileType = sourcecode.swift; path = TopRatedMoviesRequest.swift; sourceTree = "<group>"; };
		69D27D5327BAA4E8000D8ACA /* MovieAppUIKit.app */ = {isa = PBXFileReference; explicitFileType = wrapper.application; includeInIndex = 0; path = MovieAppUIKit.app; sourceTree = BUILT_PRODUCTS_DIR; };
		69D27D5627BAA4E8000D8ACA /* AppDelegate.swift */ = {isa = PBXFileReference; lastKnownFileType = sourcecode.swift; path = AppDelegate.swift; sourceTree = "<group>"; };
		69D27D5827BAA4E8000D8ACA /* SceneDelegate.swift */ = {isa = PBXFileReference; lastKnownFileType = sourcecode.swift; path = SceneDelegate.swift; sourceTree = "<group>"; };
		69D27D5A27BAA4E8000D8ACA /* MoviesHomepageViewController.swift */ = {isa = PBXFileReference; lastKnownFileType = sourcecode.swift; path = MoviesHomepageViewController.swift; sourceTree = "<group>"; };
		69D27D5D27BAA4E8000D8ACA /* Base */ = {isa = PBXFileReference; lastKnownFileType = file.storyboard; name = Base; path = Base.lproj/MoviesHomepage.storyboard; sourceTree = "<group>"; };
		69D27D5F27BAA4E9000D8ACA /* Assets.xcassets */ = {isa = PBXFileReference; lastKnownFileType = folder.assetcatalog; path = Assets.xcassets; sourceTree = "<group>"; };
		69D27D6227BAA4E9000D8ACA /* Base */ = {isa = PBXFileReference; lastKnownFileType = file.storyboard; name = Base; path = Base.lproj/LaunchScreen.storyboard; sourceTree = "<group>"; };
		69D27D6427BAA4E9000D8ACA /* Info.plist */ = {isa = PBXFileReference; lastKnownFileType = text.plist.xml; path = Info.plist; sourceTree = "<group>"; };
		69D27D6927BAA4E9000D8ACA /* MovieAppUIKitTests.xctest */ = {isa = PBXFileReference; explicitFileType = wrapper.cfbundle; includeInIndex = 0; path = MovieAppUIKitTests.xctest; sourceTree = BUILT_PRODUCTS_DIR; };
		69D27D6D27BAA4E9000D8ACA /* MovieAppUIKitTests.swift */ = {isa = PBXFileReference; lastKnownFileType = sourcecode.swift; path = MovieAppUIKitTests.swift; sourceTree = "<group>"; };
		69D27D7327BAA4E9000D8ACA /* MovieAppUIKitUITests.xctest */ = {isa = PBXFileReference; explicitFileType = wrapper.cfbundle; includeInIndex = 0; path = MovieAppUIKitUITests.xctest; sourceTree = BUILT_PRODUCTS_DIR; };
		69D27D7727BAA4E9000D8ACA /* MovieAppUIKitUITests.swift */ = {isa = PBXFileReference; lastKnownFileType = sourcecode.swift; path = MovieAppUIKitUITests.swift; sourceTree = "<group>"; };
		69D27D7927BAA4E9000D8ACA /* MovieAppUIKitUITestsLaunchTests.swift */ = {isa = PBXFileReference; lastKnownFileType = sourcecode.swift; path = MovieAppUIKitUITestsLaunchTests.swift; sourceTree = "<group>"; };
/* End PBXFileReference section */

/* Begin PBXFrameworksBuildPhase section */
		69D27D5027BAA4E8000D8ACA /* Frameworks */ = {
			isa = PBXFrameworksBuildPhase;
			buildActionMask = 2147483647;
			files = (
			);
			runOnlyForDeploymentPostprocessing = 0;
		};
		69D27D6627BAA4E9000D8ACA /* Frameworks */ = {
			isa = PBXFrameworksBuildPhase;
			buildActionMask = 2147483647;
			files = (
			);
			runOnlyForDeploymentPostprocessing = 0;
		};
		69D27D7027BAA4E9000D8ACA /* Frameworks */ = {
			isa = PBXFrameworksBuildPhase;
			buildActionMask = 2147483647;
			files = (
			);
			runOnlyForDeploymentPostprocessing = 0;
		};
/* End PBXFrameworksBuildPhase section */

/* Begin PBXGroup section */
		691139A227C8F2E000B41FC9 /* MoviesListTableView */ = {
			isa = PBXGroup;
			children = (
				691139A327C8F30400B41FC9 /* Cells */,
			);
			path = MoviesListTableView;
			sourceTree = "<group>";
		};
		691139A327C8F30400B41FC9 /* Cells */ = {
			isa = PBXGroup;
			children = (
				691139A427C8F32600B41FC9 /* MoviesListItemCell.swift */,
				691139A827C8F4C200B41FC9 /* MoviesListItemCell.xib */,
			);
			path = Cells;
			sourceTree = "<group>";
		};
		691139AA27CCCE6400B41FC9 /* Presentation */ = {
			isa = PBXGroup;
			children = (
				691139AD27CCCF3100B41FC9 /* MoviesHomepage */,
			);
			path = Presentation;
			sourceTree = "<group>";
		};
		691139AB27CCCE6F00B41FC9 /* Data */ = {
			isa = PBXGroup;
			children = (
				691139B627CCD62F00B41FC9 /* Repositories */,
				691139B727CCD63500B41FC9 /* Network */,
				691139B827CCD63C00B41FC9 /* PersistentStorage */,
			);
			path = Data;
			sourceTree = "<group>";
		};
		691139AC27CCCE7500B41FC9 /* Domain */ = {
			isa = PBXGroup;
			children = (
			);
			path = Domain;
			sourceTree = "<group>";
		};
		691139AD27CCCF3100B41FC9 /* MoviesHomepage */ = {
			isa = PBXGroup;
			children = (
				691139AE27CCCF3900B41FC9 /* View */,
				691139B127CCD06200B41FC9 /* ViewModel */,
			);
			path = MoviesHomepage;
			sourceTree = "<group>";
		};
		691139AE27CCCF3900B41FC9 /* View */ = {
			isa = PBXGroup;
			children = (
				691139AF27CCCF4F00B41FC9 /* MoviesHomepageViewControllerTests.swift */,
			);
			path = View;
			sourceTree = "<group>";
		};
		691139B127CCD06200B41FC9 /* ViewModel */ = {
			isa = PBXGroup;
			children = (
				691139B227CCD07600B41FC9 /* MoviesHomepageViewModelTests.swift */,
				691139B427CCD08100B41FC9 /* MoviesListItemViewModelTests.swift */,
			);
			path = ViewModel;
			sourceTree = "<group>";
		};
		691139B627CCD62F00B41FC9 /* Repositories */ = {
			isa = PBXGroup;
			children = (
				691139B927CCD69200B41FC9 /* MoviesRepositoryTests.swift */,
			);
			path = Repositories;
			sourceTree = "<group>";
		};
		691139B727CCD63500B41FC9 /* Network */ = {
			isa = PBXGroup;
			children = (
				691139BB27CCD6B600B41FC9 /* DataMapping */,
			);
			path = Network;
			sourceTree = "<group>";
		};
		691139B827CCD63C00B41FC9 /* PersistentStorage */ = {
			isa = PBXGroup;
			children = (
			);
			path = PersistentStorage;
			sourceTree = "<group>";
		};
		691139BB27CCD6B600B41FC9 /* DataMapping */ = {
			isa = PBXGroup;
			children = (
				691139BC27CCD6DF00B41FC9 /* MoviesResponseDTO+MappingTests.swift */,
			);
			path = DataMapping;
			sourceTree = "<group>";
		};
		691139BE27CF713B00B41FC9 /* Services */ = {
			isa = PBXGroup;
			children = (
				691139C327CF71F800B41FC9 /* Mocks */,
			);
			path = Services;
			sourceTree = "<group>";
		};
		691139C327CF71F800B41FC9 /* Mocks */ = {
			isa = PBXGroup;
			children = (
				691139C127CF716900B41FC9 /* MockMoviesService.swift */,
			);
			path = Mocks;
			sourceTree = "<group>";
		};
		6941F37D28147DDB00D758E8 /* Temp */ = {
			isa = PBXGroup;
			children = (
				6955413A27C69A58003F9631 /* Requests */,
				6955413627C68B99003F9631 /* MoviesNetworkService.swift */,
				6941F369281307A400D758E8 /* PosterImageNetworkService.swift */,
			);
			path = Temp;
			sourceTree = "<group>";
		};
		6951153B27BFE1C80015224D /* Services */ = {
			isa = PBXGroup;
			children = (
				6941F3632812AD4400D758E8 /* Service.swift */,
				6955415027C7D843003F9631 /* MoviesService.swift */,
				6941F36B281308E100D758E8 /* PosterImageService.swift */,
				6941F3862816015A00D758E8 /* DataTransferService.swift */,
			);
			path = Services;
			sourceTree = "<group>";
		};
		6955413527C632D1003F9631 /* Protocol */ = {
			isa = PBXGroup;
			children = (
				6955413327C6323C003F9631 /* UseCase.swift */,
			);
			path = Protocol;
			sourceTree = "<group>";
		};
		6955413A27C69A58003F9631 /* Requests */ = {
			isa = PBXGroup;
			children = (
				6955413B27C69A61003F9631 /* Protocol */,
				6955413C27C69A8D003F9631 /* PopularMoviesRequest.swift */,
				6955415927C7FC77003F9631 /* TopRatedMoviesRequest.swift */,
				6941F36D28130B5700D758E8 /* PosterImageRequest.swift */,
			);
			path = Requests;
			sourceTree = "<group>";
		};
		6955413B27C69A61003F9631 /* Protocol */ = {
			isa = PBXGroup;
			children = (
				6955413827C69819003F9631 /* NetworkRequestProtocol.swift */,
			);
			path = Protocol;
			sourceTree = "<group>";
		};
		6955414727C799BB003F9631 /* Infrastructure */ = {
			isa = PBXGroup;
			children = (
				691139BE27CF713B00B41FC9 /* Services */,
				6955414927C79D10003F9631 /* Mocks */,
				6955414527C79948003F9631 /* NetworkServiceTests.swift */,
			);
			path = Infrastructure;
			sourceTree = "<group>";
		};
		6955414827C799DF003F9631 /* Infrastructure */ = {
			isa = PBXGroup;
			children = (
				6951153B27BFE1C80015224D /* Services */,
				69D27D9827BAA847000D8ACA /* Network */,
			);
			path = Infrastructure;
			sourceTree = "<group>";
		};
		6955414927C79D10003F9631 /* Mocks */ = {
			isa = PBXGroup;
			children = (
			);
			path = Mocks;
			sourceTree = "<group>";
		};
		6955415227C7D965003F9631 /* Network */ = {
			isa = PBXGroup;
			children = (
				6955415327C7D96B003F9631 /* DataMapping */,
				6941F382281480A500D758E8 /* APIEndpoints.swift */,
			);
			path = Network;
			sourceTree = "<group>";
		};
		6955415327C7D96B003F9631 /* DataMapping */ = {
			isa = PBXGroup;
			children = (
				6941F384281481CE00D758E8 /* MoviesRequestDTO.swift */,
				6955414127C6A132003F9631 /* MoviesResponseDTO+Mapping.swift */,
			);
			path = DataMapping;
			sourceTree = "<group>";
		};
		69D27D4A27BAA4E8000D8ACA = {
			isa = PBXGroup;
			children = (
				69D27D5527BAA4E8000D8ACA /* MovieAppUIKit */,
				69D27D6C27BAA4E9000D8ACA /* MovieAppUIKitTests */,
				69D27D7627BAA4E9000D8ACA /* MovieAppUIKitUITests */,
				69D27D5427BAA4E8000D8ACA /* Products */,
			);
			sourceTree = "<group>";
		};
		69D27D5427BAA4E8000D8ACA /* Products */ = {
			isa = PBXGroup;
			children = (
				69D27D5327BAA4E8000D8ACA /* MovieAppUIKit.app */,
				69D27D6927BAA4E9000D8ACA /* MovieAppUIKitTests.xctest */,
				69D27D7327BAA4E9000D8ACA /* MovieAppUIKitUITests.xctest */,
			);
			name = Products;
			sourceTree = "<group>";
		};
		69D27D5527BAA4E8000D8ACA /* MovieAppUIKit */ = {
			isa = PBXGroup;
			children = (
				69D27D8627BAA6A3000D8ACA /* AppDelegate */,
				69D27D8B27BAA7B9000D8ACA /* Application */,
				69D27D8D27BAA7C8000D8ACA /* Presentation */,
				69D27D8C27BAA7C2000D8ACA /* Domain */,
				69D27D8E27BAA7CD000D8ACA /* Data */,
				6955414827C799DF003F9631 /* Infrastructure */,
				69D27D8927BAA6BA000D8ACA /* Resources */,
			);
			path = MovieAppUIKit;
			sourceTree = "<group>";
		};
		69D27D6C27BAA4E9000D8ACA /* MovieAppUIKitTests */ = {
			isa = PBXGroup;
			children = (
				691139AA27CCCE6400B41FC9 /* Presentation */,
				691139AB27CCCE6F00B41FC9 /* Data */,
				691139AC27CCCE7500B41FC9 /* Domain */,
				6955414727C799BB003F9631 /* Infrastructure */,
				69D27D6D27BAA4E9000D8ACA /* MovieAppUIKitTests.swift */,
			);
			path = MovieAppUIKitTests;
			sourceTree = "<group>";
		};
		69D27D7627BAA4E9000D8ACA /* MovieAppUIKitUITests */ = {
			isa = PBXGroup;
			children = (
				69D27D7727BAA4E9000D8ACA /* MovieAppUIKitUITests.swift */,
				69D27D7927BAA4E9000D8ACA /* MovieAppUIKitUITestsLaunchTests.swift */,
			);
			path = MovieAppUIKitUITests;
			sourceTree = "<group>";
		};
		69D27D8627BAA6A3000D8ACA /* AppDelegate */ = {
			isa = PBXGroup;
			children = (
				69D27D5627BAA4E8000D8ACA /* AppDelegate.swift */,
				69D27D5827BAA4E8000D8ACA /* SceneDelegate.swift */,
			);
			path = AppDelegate;
			sourceTree = "<group>";
		};
		69D27D8927BAA6BA000D8ACA /* Resources */ = {
			isa = PBXGroup;
			children = (
				69D27D5F27BAA4E9000D8ACA /* Assets.xcassets */,
				69D27D6427BAA4E9000D8ACA /* Info.plist */,
				69D27D6127BAA4E9000D8ACA /* LaunchScreen.storyboard */,
			);
			path = Resources;
			sourceTree = "<group>";
		};
		69D27D8B27BAA7B9000D8ACA /* Application */ = {
			isa = PBXGroup;
			children = (
				6941F36F2813352C00D758E8 /* AppConfiguration.swift */,
			);
			path = Application;
			sourceTree = "<group>";
		};
		69D27D8C27BAA7C2000D8ACA /* Domain */ = {
			isa = PBXGroup;
			children = (
				69D27D9027BAA7F3000D8ACA /* Entities */,
				69D27D9127BAA7F9000D8ACA /* UseCases */,
			);
			path = Domain;
			sourceTree = "<group>";
		};
		69D27D8D27BAA7C8000D8ACA /* Presentation */ = {
			isa = PBXGroup;
			children = (
				69D27D9427BAA81C000D8ACA /* MoviesHomepage */,
			);
			path = Presentation;
			sourceTree = "<group>";
		};
		69D27D8E27BAA7CD000D8ACA /* Data */ = {
			isa = PBXGroup;
			children = (
				69D27D9727BAA83F000D8ACA /* Repositories */,
				6955415227C7D965003F9631 /* Network */,
				69D27D9927BAA84C000D8ACA /* PersistentStorage */,
			);
			path = Data;
			sourceTree = "<group>";
		};
		69D27D9027BAA7F3000D8ACA /* Entities */ = {
			isa = PBXGroup;
			children = (
				6955415427C7DA9F003F9631 /* Movie.swift */,
			);
			path = Entities;
			sourceTree = "<group>";
		};
		69D27D9127BAA7F9000D8ACA /* UseCases */ = {
			isa = PBXGroup;
			children = (
				6955413527C632D1003F9631 /* Protocol */,
				6955412D27C63144003F9631 /* FetchMoviesUseCase.swift */,
				6955412F27C63170003F9631 /* FetchPopularMoviesUseCase.swift */,
				6955413127C63189003F9631 /* FetchTopRatedMoviesUseCase.swift */,
				6941F3672812EE1D00D758E8 /* FetchPosterImageUseCase.swift */,
			);
			path = UseCases;
			sourceTree = "<group>";
		};
		69D27D9427BAA81C000D8ACA /* MoviesHomepage */ = {
			isa = PBXGroup;
			children = (
				69D27D9627BAA828000D8ACA /* View */,
				69D27D9527BAA824000D8ACA /* ViewModel */,
			);
			path = MoviesHomepage;
			sourceTree = "<group>";
		};
		69D27D9527BAA824000D8ACA /* ViewModel */ = {
			isa = PBXGroup;
			children = (
				6955414C27C79FF2003F9631 /* MoviesHomepageViewModel.swift */,
				691139A027C8EE7B00B41FC9 /* MoviesListItemViewModel.swift */,
			);
			path = ViewModel;
			sourceTree = "<group>";
		};
		69D27D9627BAA828000D8ACA /* View */ = {
			isa = PBXGroup;
			children = (
				69D27D5A27BAA4E8000D8ACA /* MoviesHomepageViewController.swift */,
				69D27D5C27BAA4E8000D8ACA /* MoviesHomepage.storyboard */,
				691139A227C8F2E000B41FC9 /* MoviesListTableView */,
			);
			path = View;
			sourceTree = "<group>";
		};
		69D27D9727BAA83F000D8ACA /* Repositories */ = {
			isa = PBXGroup;
			children = (
				6955414E27C7D6A3003F9631 /* MoviesRepository.swift */,
				6941F3652812DAF800D758E8 /* PosterImageRepository.swift */,
			);
			path = Repositories;
			sourceTree = "<group>";
		};
		69D27D9827BAA847000D8ACA /* Network */ = {
			isa = PBXGroup;
			children = (
				6941F3712813442B00D758E8 /* NetworkService.swift */,
				6941F38028147E4500D758E8 /* Endpoint.swift */,
				6941F37928147DA600D758E8 /* ResponseDecoder.swift */,
				6941F37E28147E1100D758E8 /* NetworkConfig.swift */,
				6941F37B28147DBC00D758E8 /* NetworkSessionManager.swift */,
				6941F37D28147DDB00D758E8 /* Temp */,
			);
			path = Network;
			sourceTree = "<group>";
		};
		69D27D9927BAA84C000D8ACA /* PersistentStorage */ = {
			isa = PBXGroup;
			children = (
			);
			path = PersistentStorage;
			sourceTree = "<group>";
		};
/* End PBXGroup section */

/* Begin PBXNativeTarget section */
		69D27D5227BAA4E8000D8ACA /* MovieAppUIKit */ = {
			isa = PBXNativeTarget;
			buildConfigurationList = 69D27D7D27BAA4E9000D8ACA /* Build configuration list for PBXNativeTarget "MovieAppUIKit" */;
			buildPhases = (
				69D27D4F27BAA4E8000D8ACA /* Sources */,
				69D27D5027BAA4E8000D8ACA /* Frameworks */,
				69D27D5127BAA4E8000D8ACA /* Resources */,
			);
			buildRules = (
			);
			dependencies = (
			);
			name = MovieAppUIKit;
			productName = MovieAppUIKit;
			productReference = 69D27D5327BAA4E8000D8ACA /* MovieAppUIKit.app */;
			productType = "com.apple.product-type.application";
		};
		69D27D6827BAA4E9000D8ACA /* MovieAppUIKitTests */ = {
			isa = PBXNativeTarget;
			buildConfigurationList = 69D27D8027BAA4E9000D8ACA /* Build configuration list for PBXNativeTarget "MovieAppUIKitTests" */;
			buildPhases = (
				69D27D6527BAA4E9000D8ACA /* Sources */,
				69D27D6627BAA4E9000D8ACA /* Frameworks */,
				69D27D6727BAA4E9000D8ACA /* Resources */,
			);
			buildRules = (
			);
			dependencies = (
				69D27D6B27BAA4E9000D8ACA /* PBXTargetDependency */,
			);
			name = MovieAppUIKitTests;
			productName = MovieAppUIKitTests;
			productReference = 69D27D6927BAA4E9000D8ACA /* MovieAppUIKitTests.xctest */;
			productType = "com.apple.product-type.bundle.unit-test";
		};
		69D27D7227BAA4E9000D8ACA /* MovieAppUIKitUITests */ = {
			isa = PBXNativeTarget;
			buildConfigurationList = 69D27D8327BAA4E9000D8ACA /* Build configuration list for PBXNativeTarget "MovieAppUIKitUITests" */;
			buildPhases = (
				69D27D6F27BAA4E9000D8ACA /* Sources */,
				69D27D7027BAA4E9000D8ACA /* Frameworks */,
				69D27D7127BAA4E9000D8ACA /* Resources */,
			);
			buildRules = (
			);
			dependencies = (
				69D27D7527BAA4E9000D8ACA /* PBXTargetDependency */,
			);
			name = MovieAppUIKitUITests;
			productName = MovieAppUIKitUITests;
			productReference = 69D27D7327BAA4E9000D8ACA /* MovieAppUIKitUITests.xctest */;
			productType = "com.apple.product-type.bundle.ui-testing";
		};
/* End PBXNativeTarget section */

/* Begin PBXProject section */
		69D27D4B27BAA4E8000D8ACA /* Project object */ = {
			isa = PBXProject;
			attributes = {
				BuildIndependentTargetsInParallel = 1;
				LastSwiftUpdateCheck = 1320;
				LastUpgradeCheck = 1320;
				TargetAttributes = {
					69D27D5227BAA4E8000D8ACA = {
						CreatedOnToolsVersion = 13.2.1;
					};
					69D27D6827BAA4E9000D8ACA = {
						CreatedOnToolsVersion = 13.2.1;
						TestTargetID = 69D27D5227BAA4E8000D8ACA;
					};
					69D27D7227BAA4E9000D8ACA = {
						CreatedOnToolsVersion = 13.2.1;
						TestTargetID = 69D27D5227BAA4E8000D8ACA;
					};
				};
			};
			buildConfigurationList = 69D27D4E27BAA4E8000D8ACA /* Build configuration list for PBXProject "MovieAppUIKit" */;
			compatibilityVersion = "Xcode 13.0";
			developmentRegion = en;
			hasScannedForEncodings = 0;
			knownRegions = (
				en,
				Base,
			);
			mainGroup = 69D27D4A27BAA4E8000D8ACA;
			productRefGroup = 69D27D5427BAA4E8000D8ACA /* Products */;
			projectDirPath = "";
			projectRoot = "";
			targets = (
				69D27D5227BAA4E8000D8ACA /* MovieAppUIKit */,
				69D27D6827BAA4E9000D8ACA /* MovieAppUIKitTests */,
				69D27D7227BAA4E9000D8ACA /* MovieAppUIKitUITests */,
			);
		};
/* End PBXProject section */

/* Begin PBXResourcesBuildPhase section */
		69D27D5127BAA4E8000D8ACA /* Resources */ = {
			isa = PBXResourcesBuildPhase;
			buildActionMask = 2147483647;
			files = (
				69D27D6327BAA4E9000D8ACA /* LaunchScreen.storyboard in Resources */,
				691139A927C8F4C200B41FC9 /* MoviesListItemCell.xib in Resources */,
				69D27D6027BAA4E9000D8ACA /* Assets.xcassets in Resources */,
				69D27D5E27BAA4E8000D8ACA /* MoviesHomepage.storyboard in Resources */,
			);
			runOnlyForDeploymentPostprocessing = 0;
		};
		69D27D6727BAA4E9000D8ACA /* Resources */ = {
			isa = PBXResourcesBuildPhase;
			buildActionMask = 2147483647;
			files = (
			);
			runOnlyForDeploymentPostprocessing = 0;
		};
		69D27D7127BAA4E9000D8ACA /* Resources */ = {
			isa = PBXResourcesBuildPhase;
			buildActionMask = 2147483647;
			files = (
			);
			runOnlyForDeploymentPostprocessing = 0;
		};
/* End PBXResourcesBuildPhase section */

/* Begin PBXSourcesBuildPhase section */
		69D27D4F27BAA4E8000D8ACA /* Sources */ = {
			isa = PBXSourcesBuildPhase;
			buildActionMask = 2147483647;
			files = (
				69D27D5B27BAA4E8000D8ACA /* MoviesHomepageViewController.swift in Sources */,
				6955413427C6323C003F9631 /* UseCase.swift in Sources */,
				6941F3662812DAF800D758E8 /* PosterImageRepository.swift in Sources */,
				6955414D27C79FF2003F9631 /* MoviesHomepageViewModel.swift in Sources */,
				6941F38128147E4500D758E8 /* Endpoint.swift in Sources */,
				6955413D27C69A8D003F9631 /* PopularMoviesRequest.swift in Sources */,
				6955414227C6A132003F9631 /* MoviesResponseDTO+Mapping.swift in Sources */,
				691139A527C8F32600B41FC9 /* MoviesListItemCell.swift in Sources */,
				6941F37F28147E1100D758E8 /* NetworkConfig.swift in Sources */,
				6955415A27C7FC77003F9631 /* TopRatedMoviesRequest.swift in Sources */,
				6955413227C63189003F9631 /* FetchTopRatedMoviesUseCase.swift in Sources */,
				691139A127C8EE7B00B41FC9 /* MoviesListItemViewModel.swift in Sources */,
				6955412E27C63144003F9631 /* FetchMoviesUseCase.swift in Sources */,
				6941F37C28147DBC00D758E8 /* NetworkSessionManager.swift in Sources */,
				6941F3642812AD4400D758E8 /* Service.swift in Sources */,
				6941F383281480A500D758E8 /* APIEndpoints.swift in Sources */,
				6955413727C68B99003F9631 /* MoviesNetworkService.swift in Sources */,
				6955414F27C7D6A3003F9631 /* MoviesRepository.swift in Sources */,
				6941F3872816015A00D758E8 /* DataTransferService.swift in Sources */,
				6955413027C63170003F9631 /* FetchPopularMoviesUseCase.swift in Sources */,
				6941F385281481CE00D758E8 /* MoviesRequestDTO.swift in Sources */,
				6941F36A281307A400D758E8 /* PosterImageNetworkService.swift in Sources */,
				6941F37A28147DA600D758E8 /* ResponseDecoder.swift in Sources */,
				6955415127C7D843003F9631 /* MoviesService.swift in Sources */,
				6955413927C69819003F9631 /* NetworkRequestProtocol.swift in Sources */,
				6941F3702813352C00D758E8 /* AppConfiguration.swift in Sources */,
				69D27D5727BAA4E8000D8ACA /* AppDelegate.swift in Sources */,
				6941F3682812EE1D00D758E8 /* FetchPosterImageUseCase.swift in Sources */,
				6941F36E28130B5700D758E8 /* PosterImageRequest.swift in Sources */,
				69D27D5927BAA4E8000D8ACA /* SceneDelegate.swift in Sources */,
				6955415527C7DA9F003F9631 /* Movie.swift in Sources */,
				6941F3722813442B00D758E8 /* NetworkService.swift in Sources */,
				6941F36C281308E100D758E8 /* PosterImageService.swift in Sources */,
			);
			runOnlyForDeploymentPostprocessing = 0;
		};
		69D27D6527BAA4E9000D8ACA /* Sources */ = {
			isa = PBXSourcesBuildPhase;
			buildActionMask = 2147483647;
			files = (
				691139C227CF716900B41FC9 /* MockMoviesService.swift in Sources */,
				6955414627C79948003F9631 /* NetworkServiceTests.swift in Sources */,
				691139B327CCD07600B41FC9 /* MoviesHomepageViewModelTests.swift in Sources */,
				691139B527CCD08100B41FC9 /* MoviesListItemViewModelTests.swift in Sources */,
				691139BD27CCD6DF00B41FC9 /* MoviesResponseDTO+MappingTests.swift in Sources */,
				691139B027CCCF4F00B41FC9 /* MoviesHomepageViewControllerTests.swift in Sources */,
				691139BA27CCD69200B41FC9 /* MoviesRepositoryTests.swift in Sources */,
				69D27D6E27BAA4E9000D8ACA /* MovieAppUIKitTests.swift in Sources */,
			);
			runOnlyForDeploymentPostprocessing = 0;
		};
		69D27D6F27BAA4E9000D8ACA /* Sources */ = {
			isa = PBXSourcesBuildPhase;
			buildActionMask = 2147483647;
			files = (
				69D27D7A27BAA4E9000D8ACA /* MovieAppUIKitUITestsLaunchTests.swift in Sources */,
				69D27D7827BAA4E9000D8ACA /* MovieAppUIKitUITests.swift in Sources */,
			);
			runOnlyForDeploymentPostprocessing = 0;
		};
/* End PBXSourcesBuildPhase section */

/* Begin PBXTargetDependency section */
		69D27D6B27BAA4E9000D8ACA /* PBXTargetDependency */ = {
			isa = PBXTargetDependency;
			target = 69D27D5227BAA4E8000D8ACA /* MovieAppUIKit */;
			targetProxy = 69D27D6A27BAA4E9000D8ACA /* PBXContainerItemProxy */;
		};
		69D27D7527BAA4E9000D8ACA /* PBXTargetDependency */ = {
			isa = PBXTargetDependency;
			target = 69D27D5227BAA4E8000D8ACA /* MovieAppUIKit */;
			targetProxy = 69D27D7427BAA4E9000D8ACA /* PBXContainerItemProxy */;
		};
/* End PBXTargetDependency section */

/* Begin PBXVariantGroup section */
		69D27D5C27BAA4E8000D8ACA /* MoviesHomepage.storyboard */ = {
			isa = PBXVariantGroup;
			children = (
				69D27D5D27BAA4E8000D8ACA /* Base */,
			);
			name = MoviesHomepage.storyboard;
			sourceTree = "<group>";
		};
		69D27D6127BAA4E9000D8ACA /* LaunchScreen.storyboard */ = {
			isa = PBXVariantGroup;
			children = (
				69D27D6227BAA4E9000D8ACA /* Base */,
			);
			name = LaunchScreen.storyboard;
			sourceTree = "<group>";
		};
/* End PBXVariantGroup section */

/* Begin XCBuildConfiguration section */
		69D27D7B27BAA4E9000D8ACA /* Debug */ = {
			isa = XCBuildConfiguration;
			buildSettings = {
				ALWAYS_SEARCH_USER_PATHS = NO;
				CLANG_ANALYZER_NONNULL = YES;
				CLANG_ANALYZER_NUMBER_OBJECT_CONVERSION = YES_AGGRESSIVE;
				CLANG_CXX_LANGUAGE_STANDARD = "gnu++17";
				CLANG_CXX_LIBRARY = "libc++";
				CLANG_ENABLE_MODULES = YES;
				CLANG_ENABLE_OBJC_ARC = YES;
				CLANG_ENABLE_OBJC_WEAK = YES;
				CLANG_WARN_BLOCK_CAPTURE_AUTORELEASING = YES;
				CLANG_WARN_BOOL_CONVERSION = YES;
				CLANG_WARN_COMMA = YES;
				CLANG_WARN_CONSTANT_CONVERSION = YES;
				CLANG_WARN_DEPRECATED_OBJC_IMPLEMENTATIONS = YES;
				CLANG_WARN_DIRECT_OBJC_ISA_USAGE = YES_ERROR;
				CLANG_WARN_DOCUMENTATION_COMMENTS = YES;
				CLANG_WARN_EMPTY_BODY = YES;
				CLANG_WARN_ENUM_CONVERSION = YES;
				CLANG_WARN_INFINITE_RECURSION = YES;
				CLANG_WARN_INT_CONVERSION = YES;
				CLANG_WARN_NON_LITERAL_NULL_CONVERSION = YES;
				CLANG_WARN_OBJC_IMPLICIT_RETAIN_SELF = YES;
				CLANG_WARN_OBJC_LITERAL_CONVERSION = YES;
				CLANG_WARN_OBJC_ROOT_CLASS = YES_ERROR;
				CLANG_WARN_QUOTED_INCLUDE_IN_FRAMEWORK_HEADER = YES;
				CLANG_WARN_RANGE_LOOP_ANALYSIS = YES;
				CLANG_WARN_STRICT_PROTOTYPES = YES;
				CLANG_WARN_SUSPICIOUS_MOVE = YES;
				CLANG_WARN_UNGUARDED_AVAILABILITY = YES_AGGRESSIVE;
				CLANG_WARN_UNREACHABLE_CODE = YES;
				CLANG_WARN__DUPLICATE_METHOD_MATCH = YES;
				COPY_PHASE_STRIP = NO;
				DEBUG_INFORMATION_FORMAT = dwarf;
				ENABLE_STRICT_OBJC_MSGSEND = YES;
				ENABLE_TESTABILITY = YES;
				GCC_C_LANGUAGE_STANDARD = gnu11;
				GCC_DYNAMIC_NO_PIC = NO;
				GCC_NO_COMMON_BLOCKS = YES;
				GCC_OPTIMIZATION_LEVEL = 0;
				GCC_PREPROCESSOR_DEFINITIONS = (
					"DEBUG=1",
					"$(inherited)",
				);
				GCC_WARN_64_TO_32_BIT_CONVERSION = YES;
				GCC_WARN_ABOUT_RETURN_TYPE = YES_ERROR;
				GCC_WARN_UNDECLARED_SELECTOR = YES;
				GCC_WARN_UNINITIALIZED_AUTOS = YES_AGGRESSIVE;
				GCC_WARN_UNUSED_FUNCTION = YES;
				GCC_WARN_UNUSED_VARIABLE = YES;
				IPHONEOS_DEPLOYMENT_TARGET = 15.2;
				MTL_ENABLE_DEBUG_INFO = INCLUDE_SOURCE;
				MTL_FAST_MATH = YES;
				ONLY_ACTIVE_ARCH = YES;
				SDKROOT = iphoneos;
				SWIFT_ACTIVE_COMPILATION_CONDITIONS = DEBUG;
				SWIFT_OPTIMIZATION_LEVEL = "-Onone";
			};
			name = Debug;
		};
		69D27D7C27BAA4E9000D8ACA /* Release */ = {
			isa = XCBuildConfiguration;
			buildSettings = {
				ALWAYS_SEARCH_USER_PATHS = NO;
				CLANG_ANALYZER_NONNULL = YES;
				CLANG_ANALYZER_NUMBER_OBJECT_CONVERSION = YES_AGGRESSIVE;
				CLANG_CXX_LANGUAGE_STANDARD = "gnu++17";
				CLANG_CXX_LIBRARY = "libc++";
				CLANG_ENABLE_MODULES = YES;
				CLANG_ENABLE_OBJC_ARC = YES;
				CLANG_ENABLE_OBJC_WEAK = YES;
				CLANG_WARN_BLOCK_CAPTURE_AUTORELEASING = YES;
				CLANG_WARN_BOOL_CONVERSION = YES;
				CLANG_WARN_COMMA = YES;
				CLANG_WARN_CONSTANT_CONVERSION = YES;
				CLANG_WARN_DEPRECATED_OBJC_IMPLEMENTATIONS = YES;
				CLANG_WARN_DIRECT_OBJC_ISA_USAGE = YES_ERROR;
				CLANG_WARN_DOCUMENTATION_COMMENTS = YES;
				CLANG_WARN_EMPTY_BODY = YES;
				CLANG_WARN_ENUM_CONVERSION = YES;
				CLANG_WARN_INFINITE_RECURSION = YES;
				CLANG_WARN_INT_CONVERSION = YES;
				CLANG_WARN_NON_LITERAL_NULL_CONVERSION = YES;
				CLANG_WARN_OBJC_IMPLICIT_RETAIN_SELF = YES;
				CLANG_WARN_OBJC_LITERAL_CONVERSION = YES;
				CLANG_WARN_OBJC_ROOT_CLASS = YES_ERROR;
				CLANG_WARN_QUOTED_INCLUDE_IN_FRAMEWORK_HEADER = YES;
				CLANG_WARN_RANGE_LOOP_ANALYSIS = YES;
				CLANG_WARN_STRICT_PROTOTYPES = YES;
				CLANG_WARN_SUSPICIOUS_MOVE = YES;
				CLANG_WARN_UNGUARDED_AVAILABILITY = YES_AGGRESSIVE;
				CLANG_WARN_UNREACHABLE_CODE = YES;
				CLANG_WARN__DUPLICATE_METHOD_MATCH = YES;
				COPY_PHASE_STRIP = NO;
				DEBUG_INFORMATION_FORMAT = "dwarf-with-dsym";
				ENABLE_NS_ASSERTIONS = NO;
				ENABLE_STRICT_OBJC_MSGSEND = YES;
				GCC_C_LANGUAGE_STANDARD = gnu11;
				GCC_NO_COMMON_BLOCKS = YES;
				GCC_WARN_64_TO_32_BIT_CONVERSION = YES;
				GCC_WARN_ABOUT_RETURN_TYPE = YES_ERROR;
				GCC_WARN_UNDECLARED_SELECTOR = YES;
				GCC_WARN_UNINITIALIZED_AUTOS = YES_AGGRESSIVE;
				GCC_WARN_UNUSED_FUNCTION = YES;
				GCC_WARN_UNUSED_VARIABLE = YES;
				IPHONEOS_DEPLOYMENT_TARGET = 15.2;
				MTL_ENABLE_DEBUG_INFO = NO;
				MTL_FAST_MATH = YES;
				SDKROOT = iphoneos;
				SWIFT_COMPILATION_MODE = wholemodule;
				SWIFT_OPTIMIZATION_LEVEL = "-O";
				VALIDATE_PRODUCT = YES;
			};
			name = Release;
		};
		69D27D7E27BAA4E9000D8ACA /* Debug */ = {
			isa = XCBuildConfiguration;
			buildSettings = {
				API_BASE_URL = api.themoviedb.org;
				API_KEY = 87c18a6eca3e6995e82fab7f60b9a8a7;
				ASSETCATALOG_COMPILER_APPICON_NAME = AppIcon;
				ASSETCATALOG_COMPILER_GLOBAL_ACCENT_COLOR_NAME = AccentColor;
				CODE_SIGN_STYLE = Automatic;
				CURRENT_PROJECT_VERSION = 1;
				DEVELOPMENT_TEAM = VNRW7375YF;
				GENERATE_INFOPLIST_FILE = YES;
				IMAGE_BASE_URL = image.tmdb.org;
				INFOPLIST_FILE = MovieAppUIKit/Resources/Info.plist;
				INFOPLIST_KEY_UIApplicationSupportsIndirectInputEvents = YES;
				INFOPLIST_KEY_UILaunchStoryboardName = LaunchScreen;
				INFOPLIST_KEY_UIMainStoryboardFile = MoviesHomepage;
				INFOPLIST_KEY_UISupportedInterfaceOrientations_iPad = "UIInterfaceOrientationPortrait UIInterfaceOrientationPortraitUpsideDown UIInterfaceOrientationLandscapeLeft UIInterfaceOrientationLandscapeRight";
				INFOPLIST_KEY_UISupportedInterfaceOrientations_iPhone = "UIInterfaceOrientationPortrait UIInterfaceOrientationLandscapeLeft UIInterfaceOrientationLandscapeRight";
				LD_RUNPATH_SEARCH_PATHS = (
					"$(inherited)",
					"@executable_path/Frameworks",
				);
				MARKETING_VERSION = 1.0;
				PRODUCT_BUNDLE_IDENTIFIER = com.paulrobertwillis.MovieAppUIKit;
				PRODUCT_NAME = "$(TARGET_NAME)";
				SWIFT_EMIT_LOC_STRINGS = YES;
				SWIFT_VERSION = 5.0;
				TARGETED_DEVICE_FAMILY = "1,2";
			};
			name = Debug;
		};
		69D27D7F27BAA4E9000D8ACA /* Release */ = {
			isa = XCBuildConfiguration;
			buildSettings = {
				API_BASE_URL = api.themoviedb.org;
				API_KEY = 87c18a6eca3e6995e82fab7f60b9a8a7;
				ASSETCATALOG_COMPILER_APPICON_NAME = AppIcon;
				ASSETCATALOG_COMPILER_GLOBAL_ACCENT_COLOR_NAME = AccentColor;
				CODE_SIGN_STYLE = Automatic;
				CURRENT_PROJECT_VERSION = 1;
				DEVELOPMENT_TEAM = VNRW7375YF;
				GENERATE_INFOPLIST_FILE = YES;
				IMAGE_BASE_URL = image.tmdb.org;
				INFOPLIST_FILE = MovieAppUIKit/Resources/Info.plist;
				INFOPLIST_KEY_UIApplicationSupportsIndirectInputEvents = YES;
				INFOPLIST_KEY_UILaunchStoryboardName = LaunchScreen;
				INFOPLIST_KEY_UIMainStoryboardFile = MoviesHomepage;
				INFOPLIST_KEY_UISupportedInterfaceOrientations_iPad = "UIInterfaceOrientationPortrait UIInterfaceOrientationPortraitUpsideDown UIInterfaceOrientationLandscapeLeft UIInterfaceOrientationLandscapeRight";
				INFOPLIST_KEY_UISupportedInterfaceOrientations_iPhone = "UIInterfaceOrientationPortrait UIInterfaceOrientationLandscapeLeft UIInterfaceOrientationLandscapeRight";
				LD_RUNPATH_SEARCH_PATHS = (
					"$(inherited)",
					"@executable_path/Frameworks",
				);
				MARKETING_VERSION = 1.0;
				PRODUCT_BUNDLE_IDENTIFIER = com.paulrobertwillis.MovieAppUIKit;
				PRODUCT_NAME = "$(TARGET_NAME)";
				SWIFT_EMIT_LOC_STRINGS = YES;
				SWIFT_VERSION = 5.0;
				TARGETED_DEVICE_FAMILY = "1,2";
			};
			name = Release;
		};
		69D27D8127BAA4E9000D8ACA /* Debug */ = {
			isa = XCBuildConfiguration;
			buildSettings = {
				ALWAYS_EMBED_SWIFT_STANDARD_LIBRARIES = YES;
				BUNDLE_LOADER = "$(TEST_HOST)";
				CODE_SIGN_STYLE = Automatic;
				CURRENT_PROJECT_VERSION = 1;
				DEVELOPMENT_TEAM = VNRW7375YF;
				GENERATE_INFOPLIST_FILE = YES;
				IPHONEOS_DEPLOYMENT_TARGET = 15.2;
				MARKETING_VERSION = 1.0;
				PRODUCT_BUNDLE_IDENTIFIER = com.paulrobertwillis.MovieAppUIKitTests;
				PRODUCT_NAME = "$(TARGET_NAME)";
				SWIFT_EMIT_LOC_STRINGS = NO;
				SWIFT_VERSION = 5.0;
				TARGETED_DEVICE_FAMILY = "1,2";
				TEST_HOST = "$(BUILT_PRODUCTS_DIR)/MovieAppUIKit.app/MovieAppUIKit";
			};
			name = Debug;
		};
		69D27D8227BAA4E9000D8ACA /* Release */ = {
			isa = XCBuildConfiguration;
			buildSettings = {
				ALWAYS_EMBED_SWIFT_STANDARD_LIBRARIES = YES;
				BUNDLE_LOADER = "$(TEST_HOST)";
				CODE_SIGN_STYLE = Automatic;
				CURRENT_PROJECT_VERSION = 1;
				DEVELOPMENT_TEAM = VNRW7375YF;
				GENERATE_INFOPLIST_FILE = YES;
				IPHONEOS_DEPLOYMENT_TARGET = 15.2;
				MARKETING_VERSION = 1.0;
				PRODUCT_BUNDLE_IDENTIFIER = com.paulrobertwillis.MovieAppUIKitTests;
				PRODUCT_NAME = "$(TARGET_NAME)";
				SWIFT_EMIT_LOC_STRINGS = NO;
				SWIFT_VERSION = 5.0;
				TARGETED_DEVICE_FAMILY = "1,2";
				TEST_HOST = "$(BUILT_PRODUCTS_DIR)/MovieAppUIKit.app/MovieAppUIKit";
			};
			name = Release;
		};
		69D27D8427BAA4E9000D8ACA /* Debug */ = {
			isa = XCBuildConfiguration;
			buildSettings = {
				ALWAYS_EMBED_SWIFT_STANDARD_LIBRARIES = YES;
				CODE_SIGN_STYLE = Automatic;
				CURRENT_PROJECT_VERSION = 1;
				DEVELOPMENT_TEAM = VNRW7375YF;
				GENERATE_INFOPLIST_FILE = YES;
				MARKETING_VERSION = 1.0;
				PRODUCT_BUNDLE_IDENTIFIER = com.paulrobertwillis.MovieAppUIKitUITests;
				PRODUCT_NAME = "$(TARGET_NAME)";
				SWIFT_EMIT_LOC_STRINGS = NO;
				SWIFT_VERSION = 5.0;
				TARGETED_DEVICE_FAMILY = "1,2";
				TEST_TARGET_NAME = MovieAppUIKit;
			};
			name = Debug;
		};
		69D27D8527BAA4E9000D8ACA /* Release */ = {
			isa = XCBuildConfiguration;
			buildSettings = {
				ALWAYS_EMBED_SWIFT_STANDARD_LIBRARIES = YES;
				CODE_SIGN_STYLE = Automatic;
				CURRENT_PROJECT_VERSION = 1;
				DEVELOPMENT_TEAM = VNRW7375YF;
				GENERATE_INFOPLIST_FILE = YES;
				MARKETING_VERSION = 1.0;
				PRODUCT_BUNDLE_IDENTIFIER = com.paulrobertwillis.MovieAppUIKitUITests;
				PRODUCT_NAME = "$(TARGET_NAME)";
				SWIFT_EMIT_LOC_STRINGS = NO;
				SWIFT_VERSION = 5.0;
				TARGETED_DEVICE_FAMILY = "1,2";
				TEST_TARGET_NAME = MovieAppUIKit;
			};
			name = Release;
		};
/* End XCBuildConfiguration section */

/* Begin XCConfigurationList section */
		69D27D4E27BAA4E8000D8ACA /* Build configuration list for PBXProject "MovieAppUIKit" */ = {
			isa = XCConfigurationList;
			buildConfigurations = (
				69D27D7B27BAA4E9000D8ACA /* Debug */,
				69D27D7C27BAA4E9000D8ACA /* Release */,
			);
			defaultConfigurationIsVisible = 0;
			defaultConfigurationName = Release;
		};
		69D27D7D27BAA4E9000D8ACA /* Build configuration list for PBXNativeTarget "MovieAppUIKit" */ = {
			isa = XCConfigurationList;
			buildConfigurations = (
				69D27D7E27BAA4E9000D8ACA /* Debug */,
				69D27D7F27BAA4E9000D8ACA /* Release */,
			);
			defaultConfigurationIsVisible = 0;
			defaultConfigurationName = Release;
		};
		69D27D8027BAA4E9000D8ACA /* Build configuration list for PBXNativeTarget "MovieAppUIKitTests" */ = {
			isa = XCConfigurationList;
			buildConfigurations = (
				69D27D8127BAA4E9000D8ACA /* Debug */,
				69D27D8227BAA4E9000D8ACA /* Release */,
			);
			defaultConfigurationIsVisible = 0;
			defaultConfigurationName = Release;
		};
		69D27D8327BAA4E9000D8ACA /* Build configuration list for PBXNativeTarget "MovieAppUIKitUITests" */ = {
			isa = XCConfigurationList;
			buildConfigurations = (
				69D27D8427BAA4E9000D8ACA /* Debug */,
				69D27D8527BAA4E9000D8ACA /* Release */,
			);
			defaultConfigurationIsVisible = 0;
			defaultConfigurationName = Release;
		};
/* End XCConfigurationList section */
	};
	rootObject = 69D27D4B27BAA4E8000D8ACA /* Project object */;
}
